
Microsoft Visual Studio Solution File, Format Version 12.00
# Visual Studio Version 18
VisualStudioVersion = 18.1.11312.151
MinimumVisualStudioVersion = 10.0.40219.1
Project("{2150E333-8FDC-42A3-9474-1A3956D46DE8}") = "src", "src", "{827E0CD3-B72D-47B6-A68D-7590B98EB39B}"
EndProject
Project("{FAE04EC0-301F-11D3-BF4B-00C04F79EFBC}") = "ApiGateway", "src\ApiGateway\ApiGateway.csproj", "{4B724BD7-910E-4BA2-A601-7AE805469502}"
EndProject
Project("{2150E333-8FDC-42A3-9474-1A3956D46DE8}") = "Services", "Services", "{984BB9B3-3FA3-BE33-9484-CAC21695A33C}"
EndProject
Project("{2150E333-8FDC-42A3-9474-1A3956D46DE8}") = "Delivery", "Delivery", "{C325709F-BFD5-AEF2-8C9E-DE25BDAAB821}"
EndProject
Project("{FAE04EC0-301F-11D3-BF4B-00C04F79EFBC}") = "FooDeli.Delivery.API", "src\Services\Delivery\FooDeli.Delivery.API\FooDeli.Delivery.API.csproj", "{89506D6B-955F-475F-BC57-A3719293AF29}"
EndProject
Project("{FAE04EC0-301F-11D3-BF4B-00C04F79EFBC}") = "FooDeli.Delivery.Domain", "src\Services\Delivery\FooDeli.Delivery.Domain\FooDeli.Delivery.Domain.csproj", "{CDBF11D1-BA90-4622-8F6F-A2BA7200D223}"
EndProject
Project("{FAE04EC0-301F-11D3-BF4B-00C04F79EFBC}") = "FooDeli.Delivery.Infrastructure", "src\Services\Delivery\FooDeli.Delivery.Infrastructure\FooDeli.Delivery.Infrastructure.csproj", "{D565F7F6-620B-48FC-AE07-ABC4412451A7}"
EndProject
Project("{FAE04EC0-301F-11D3-BF4B-00C04F79EFBC}") = "FooDeli.Delivery.Tests", "src\Services\Delivery\FooDeli.Delivery.Tests\FooDeli.Delivery.Tests.csproj", "{D078F8CB-3AFC-45A7-82A4-651E5885607A}"
EndProject
Project("{2150E333-8FDC-42A3-9474-1A3956D46DE8}") = "Kitchen", "Kitchen", "{5BF2AD6F-89FE-50B6-152E-0565ADFBBEE0}"
EndProject
Project("{FAE04EC0-301F-11D3-BF4B-00C04F79EFBC}") = "FooDeli.Kitchen.API", "src\Services\Kitchen\FooDeli.Kitchen.API\FooDeli.Kitchen.API.csproj", "{62057C5D-6155-4F7C-84F1-8FA7BBD1E8AE}"
EndProject
Project("{FAE04EC0-301F-11D3-BF4B-00C04F79EFBC}") = "FooDeli.Kitchen.Domain", "src\Services\Kitchen\FooDeli.Kitchen.Domain\FooDeli.Kitchen.Domain.csproj", "{25CA7E06-2139-48E9-A3B1-0A7E9BE8600F}"
EndProject
Project("{FAE04EC0-301F-11D3-BF4B-00C04F79EFBC}") = "FooDeli.Kitchen.Infrastructure", "src\Services\Kitchen\FooDeli.Kitchen.Infrastructure\FooDeli.Kitchen.Infrastructure.csproj", "{838DBD53-8A97-4B1A-B48C-A7C381C9DF32}"
EndProject
Project("{FAE04EC0-301F-11D3-BF4B-00C04F79EFBC}") = "FooDeli.Kitchen.IntegrationTests", "src\Services\Kitchen\FooDeli.Kitchen.IntegrationTests\FooDeli.Kitchen.IntegrationTests.csproj", "{D1E85C4B-F3B2-4693-BA4A-B3EF679AE472}"
EndProject
Project("{2150E333-8FDC-42A3-9474-1A3956D46DE8}") = "Notification", "Notification", "{C5FBE174-8E0F-F5A3-B929-8BD0C55C0A32}"
EndProject
Project("{FAE04EC0-301F-11D3-BF4B-00C04F79EFBC}") = "FooDeli.Notification.API", "src\Services\Notification\FooDeli.Notification.API\FooDeli.Notification.API.csproj", "{7E2B05BA-B55B-41EC-8691-243C27C52001}"
EndProject
Project("{FAE04EC0-301F-11D3-BF4B-00C04F79EFBC}") = "FooDeli.Notification.Domain", "src\Services\Notification\FooDeli.Notification.Domain\FooDeli.Notification.Domain.csproj", "{22A49ED6-04D8-451C-AC39-8D8A93EEFD9C}"
EndProject
Project("{FAE04EC0-301F-11D3-BF4B-00C04F79EFBC}") = "FooDeli.Notification.Infrastructure", "src\Services\Notification\FooDeli.Notification.Infrastructure\FooDeli.Notification.Infrastructure.csproj", "{7DE8285D-F77F-473C-9D90-B9755975CCA9}"
EndProject
Project("{2150E333-8FDC-42A3-9474-1A3956D46DE8}") = "Order", "Order", "{B851199A-4979-E597-3D50-97AC5992BBAF}"
EndProject
Project("{FAE04EC0-301F-11D3-BF4B-00C04F79EFBC}") = "FooDeli.Order.API", "src\Services\Order\FooDeli.Order.API\FooDeli.Order.API.csproj", "{A2CB57EB-D304-4661-8BA1-5EE9C1F4D7F5}"
EndProject
Project("{FAE04EC0-301F-11D3-BF4B-00C04F79EFBC}") = "FooDeli.Order.Domain", "src\Services\Order\FooDeli.Order.Domain\FooDeli.Order.Domain.csproj", "{69582EF9-874B-40F9-B24F-281BAF7081D1}"
EndProject
Project("{FAE04EC0-301F-11D3-BF4B-00C04F79EFBC}") = "FooDeli.Order.Infrastructure", "src\Services\Order\FooDeli.Order.Infrastructure\FooDeli.Order.Infrastructure.csproj", "{F3557BE3-3F85-43D3-B20F-A37D5C78D8BD}"
EndProject
Project("{FAE04EC0-301F-11D3-BF4B-00C04F79EFBC}") = "FooDeli.Order.IntegrationTests", "src\Services\Order\FooDeli.Order.IntegrationTests\FooDeli.Order.IntegrationTests.csproj", "{CE058AA1-7CA7-43BA-8DFE-0BE912180B0B}"
EndProject
Project("{2150E333-8FDC-42A3-9474-1A3956D46DE8}") = "Restaurant", "Restaurant", "{727A2C3F-9905-EA9A-09C4-1C9246362281}"
EndProject
Project("{FAE04EC0-301F-11D3-BF4B-00C04F79EFBC}") = "FooDeli.Restaurant.API", "src\Services\Restaurant\FooDeli.Restaurant.API\FooDeli.Restaurant.API.csproj", "{F31B2088-E94B-4584-BBB6-EA557369C932}"
EndProject
Project("{FAE04EC0-301F-11D3-BF4B-00C04F79EFBC}") = "FooDeli.Restaurant.Domain", "src\Services\Restaurant\FooDeli.Restaurant.Domain\FooDeli.Restaurant.Domain.csproj", "{B2512D30-D7CF-408C-AF0B-94267728F24D}"
EndProject
Project("{FAE04EC0-301F-11D3-BF4B-00C04F79EFBC}") = "FooDeli.Restaurant.Infrastructure", "src\Services\Restaurant\FooDeli.Restaurant.Infrastructure\FooDeli.Restaurant.Infrastructure.csproj", "{8A5ABB7A-A9EB-441C-8A25-F484FEAEAD89}"
EndProject
Project("{FAE04EC0-301F-11D3-BF4B-00C04F79EFBC}") = "FooDeli.Restaurant.IntegrationTests", "src\Services\Restaurant\FooDeli.Restaurant.IntegrationTests\FooDeli.Restaurant.IntegrationTests.csproj", "{5A9F4D3F-70E1-45CF-B959-AAAE8DDD6827}"
EndProject
Project("{2150E333-8FDC-42A3-9474-1A3956D46DE8}") = "Solution Items", "Solution Items", "{7F86E227-3037-4B7B-8DFC-4E6ED21D931F}"
	ProjectSection(SolutionItems) = preProject
		.editorconfig = .editorconfig
		.gitignore = .gitignore
		Directory.Build.props = Directory.Build.props
		Directory.Packages.props = Directory.Packages.props
		docker-compose.yaml = docker-compose.yaml
		README.md = README.md
	EndProjectSection
EndProject
Project("{2150E333-8FDC-42A3-9474-1A3956D46DE8}") = "infrastructure", "infrastructure", "{AEA4FFA3-64B1-42F8-8E3E-3F0AF1531C63}"
	ProjectSection(SolutionItems) = preProject
		infrastructure\keycloak\FooDeli-realm.json = infrastructure\keycloak\FooDeli-realm.json
		infrastructure\prometheus\prometheus.yml = infrastructure\prometheus\prometheus.yml
	EndProjectSection
EndProject
Global
	GlobalSection(SolutionConfigurationPlatforms) = preSolution
		Debug|Any CPU = Debug|Any CPU
		Debug|x64 = Debug|x64
		Debug|x86 = Debug|x86
		Release|Any CPU = Release|Any CPU
		Release|x64 = Release|x64
		Release|x86 = Release|x86
	EndGlobalSection
	GlobalSection(ProjectConfigurationPlatforms) = postSolution
		{4B724BD7-910E-4BA2-A601-7AE805469502}.Debug|Any CPU.ActiveCfg = Debug|Any CPU
		{4B724BD7-910E-4BA2-A601-7AE805469502}.Debug|Any CPU.Build.0 = Debug|Any CPU
		{4B724BD7-910E-4BA2-A601-7AE805469502}.Debug|x64.ActiveCfg = Debug|Any CPU
		{4B724BD7-910E-4BA2-A601-7AE805469502}.Debug|x64.Build.0 = Debug|Any CPU
		{4B724BD7-910E-4BA2-A601-7AE805469502}.Debug|x86.ActiveCfg = Debug|Any CPU
		{4B724BD7-910E-4BA2-A601-7AE805469502}.Debug|x86.Build.0 = Debug|Any CPU
		{4B724BD7-910E-4BA2-A601-7AE805469502}.Release|Any CPU.ActiveCfg = Release|Any CPU
		{4B724BD7-910E-4BA2-A601-7AE805469502}.Release|Any CPU.Build.0 = Release|Any CPU
		{4B724BD7-910E-4BA2-A601-7AE805469502}.Release|x64.ActiveCfg = Release|Any CPU
		{4B724BD7-910E-4BA2-A601-7AE805469502}.Release|x64.Build.0 = Release|Any CPU
		{4B724BD7-910E-4BA2-A601-7AE805469502}.Release|x86.ActiveCfg = Release|Any CPU
		{4B724BD7-910E-4BA2-A601-7AE805469502}.Release|x86.Build.0 = Release|Any CPU
		{89506D6B-955F-475F-BC57-A3719293AF29}.Debug|Any CPU.ActiveCfg = Debug|Any CPU
		{89506D6B-955F-475F-BC57-A3719293AF29}.Debug|Any CPU.Build.0 = Debug|Any CPU
		{89506D6B-955F-475F-BC57-A3719293AF29}.Debug|x64.ActiveCfg = Debug|Any CPU
		{89506D6B-955F-475F-BC57-A3719293AF29}.Debug|x64.Build.0 = Debug|Any CPU
		{89506D6B-955F-475F-BC57-A3719293AF29}.Debug|x86.ActiveCfg = Debug|Any CPU
		{89506D6B-955F-475F-BC57-A3719293AF29}.Debug|x86.Build.0 = Debug|Any CPU
		{89506D6B-955F-475F-BC57-A3719293AF29}.Release|Any CPU.ActiveCfg = Release|Any CPU
		{89506D6B-955F-475F-BC57-A3719293AF29}.Release|Any CPU.Build.0 = Release|Any CPU
		{89506D6B-955F-475F-BC57-A3719293AF29}.Release|x64.ActiveCfg = Release|Any CPU
		{89506D6B-955F-475F-BC57-A3719293AF29}.Release|x64.Build.0 = Release|Any CPU
		{89506D6B-955F-475F-BC57-A3719293AF29}.Release|x86.ActiveCfg = Release|Any CPU
		{89506D6B-955F-475F-BC57-A3719293AF29}.Release|x86.Build.0 = Release|Any CPU
		{CDBF11D1-BA90-4622-8F6F-A2BA7200D223}.Debug|Any CPU.ActiveCfg = Debug|Any CPU
		{CDBF11D1-BA90-4622-8F6F-A2BA7200D223}.Debug|Any CPU.Build.0 = Debug|Any CPU
		{CDBF11D1-BA90-4622-8F6F-A2BA7200D223}.Debug|x64.ActiveCfg = Debug|Any CPU
		{CDBF11D1-BA90-4622-8F6F-A2BA7200D223}.Debug|x64.Build.0 = Debug|Any CPU
		{CDBF11D1-BA90-4622-8F6F-A2BA7200D223}.Debug|x86.ActiveCfg = Debug|Any CPU
		{CDBF11D1-BA90-4622-8F6F-A2BA7200D223}.Debug|x86.Build.0 = Debug|Any CPU
		{CDBF11D1-BA90-4622-8F6F-A2BA7200D223}.Release|Any CPU.ActiveCfg = Release|Any CPU
		{CDBF11D1-BA90-4622-8F6F-A2BA7200D223}.Release|Any CPU.Build.0 = Release|Any CPU
		{CDBF11D1-BA90-4622-8F6F-A2BA7200D223}.Release|x64.ActiveCfg = Release|Any CPU
		{CDBF11D1-BA90-4622-8F6F-A2BA7200D223}.Release|x64.Build.0 = Release|Any CPU
		{CDBF11D1-BA90-4622-8F6F-A2BA7200D223}.Release|x86.ActiveCfg = Release|Any CPU
		{CDBF11D1-BA90-4622-8F6F-A2BA7200D223}.Release|x86.Build.0 = Release|Any CPU
		{D565F7F6-620B-48FC-AE07-ABC4412451A7}.Debug|Any CPU.ActiveCfg = Debug|Any CPU
		{D565F7F6-620B-48FC-AE07-ABC4412451A7}.Debug|Any CPU.Build.0 = Debug|Any CPU
		{D565F7F6-620B-48FC-AE07-ABC4412451A7}.Debug|x64.ActiveCfg = Debug|Any CPU
		{D565F7F6-620B-48FC-AE07-ABC4412451A7}.Debug|x64.Build.0 = Debug|Any CPU
		{D565F7F6-620B-48FC-AE07-ABC4412451A7}.Debug|x86.ActiveCfg = Debug|Any CPU
		{D565F7F6-620B-48FC-AE07-ABC4412451A7}.Debug|x86.Build.0 = Debug|Any CPU
		{D565F7F6-620B-48FC-AE07-ABC4412451A7}.Release|Any CPU.ActiveCfg = Release|Any CPU
		{D565F7F6-620B-48FC-AE07-ABC4412451A7}.Release|Any CPU.Build.0 = Release|Any CPU
		{D565F7F6-620B-48FC-AE07-ABC4412451A7}.Release|x64.ActiveCfg = Release|Any CPU
		{D565F7F6-620B-48FC-AE07-ABC4412451A7}.Release|x64.Build.0 = Release|Any CPU
		{D565F7F6-620B-48FC-AE07-ABC4412451A7}.Release|x86.ActiveCfg = Release|Any CPU
		{D565F7F6-620B-48FC-AE07-ABC4412451A7}.Release|x86.Build.0 = Release|Any CPU
		{D078F8CB-3AFC-45A7-82A4-651E5885607A}.Debug|Any CPU.ActiveCfg = Debug|Any CPU
		{D078F8CB-3AFC-45A7-82A4-651E5885607A}.Debug|Any CPU.Build.0 = Debug|Any CPU
		{D078F8CB-3AFC-45A7-82A4-651E5885607A}.Debug|x64.ActiveCfg = Debug|Any CPU
		{D078F8CB-3AFC-45A7-82A4-651E5885607A}.Debug|x64.Build.0 = Debug|Any CPU
		{D078F8CB-3AFC-45A7-82A4-651E5885607A}.Debug|x86.ActiveCfg = Debug|Any CPU
		{D078F8CB-3AFC-45A7-82A4-651E5885607A}.Debug|x86.Build.0 = Debug|Any CPU
		{D078F8CB-3AFC-45A7-82A4-651E5885607A}.Release|Any CPU.ActiveCfg = Release|Any CPU
		{D078F8CB-3AFC-45A7-82A4-651E5885607A}.Release|Any CPU.Build.0 = Release|Any CPU
		{D078F8CB-3AFC-45A7-82A4-651E5885607A}.Release|x64.ActiveCfg = Release|Any CPU
		{D078F8CB-3AFC-45A7-82A4-651E5885607A}.Release|x64.Build.0 = Release|Any CPU
		{D078F8CB-3AFC-45A7-82A4-651E5885607A}.Release|x86.ActiveCfg = Release|Any CPU
		{D078F8CB-3AFC-45A7-82A4-651E5885607A}.Release|x86.Build.0 = Release|Any CPU
		{62057C5D-6155-4F7C-84F1-8FA7BBD1E8AE}.Debug|Any CPU.ActiveCfg = Debug|Any CPU
		{62057C5D-6155-4F7C-84F1-8FA7BBD1E8AE}.Debug|Any CPU.Build.0 = Debug|Any CPU
		{62057C5D-6155-4F7C-84F1-8FA7BBD1E8AE}.Debug|x64.ActiveCfg = Debug|Any CPU
		{62057C5D-6155-4F7C-84F1-8FA7BBD1E8AE}.Debug|x64.Build.0 = Debug|Any CPU
		{62057C5D-6155-4F7C-84F1-8FA7BBD1E8AE}.Debug|x86.ActiveCfg = Debug|Any CPU
		{62057C5D-6155-4F7C-84F1-8FA7BBD1E8AE}.Debug|x86.Build.0 = Debug|Any CPU
		{62057C5D-6155-4F7C-84F1-8FA7BBD1E8AE}.Release|Any CPU.ActiveCfg = Release|Any CPU
		{62057C5D-6155-4F7C-84F1-8FA7BBD1E8AE}.Release|Any CPU.Build.0 = Release|Any CPU
		{62057C5D-6155-4F7C-84F1-8FA7BBD1E8AE}.Release|x64.ActiveCfg = Release|Any CPU
		{62057C5D-6155-4F7C-84F1-8FA7BBD1E8AE}.Release|x64.Build.0 = Release|Any CPU
		{62057C5D-6155-4F7C-84F1-8FA7BBD1E8AE}.Release|x86.ActiveCfg = Release|Any CPU
		{62057C5D-6155-4F7C-84F1-8FA7BBD1E8AE}.Release|x86.Build.0 = Release|Any CPU
		{25CA7E06-2139-48E9-A3B1-0A7E9BE8600F}.Debug|Any CPU.ActiveCfg = Debug|Any CPU
		{25CA7E06-2139-48E9-A3B1-0A7E9BE8600F}.Debug|Any CPU.Build.0 = Debug|Any CPU
		{25CA7E06-2139-48E9-A3B1-0A7E9BE8600F}.Debug|x64.ActiveCfg = Debug|Any CPU
		{25CA7E06-2139-48E9-A3B1-0A7E9BE8600F}.Debug|x64.Build.0 = Debug|Any CPU
		{25CA7E06-2139-48E9-A3B1-0A7E9BE8600F}.Debug|x86.ActiveCfg = Debug|Any CPU
		{25CA7E06-2139-48E9-A3B1-0A7E9BE8600F}.Debug|x86.Build.0 = Debug|Any CPU
		{25CA7E06-2139-48E9-A3B1-0A7E9BE8600F}.Release|Any CPU.ActiveCfg = Release|Any CPU
		{25CA7E06-2139-48E9-A3B1-0A7E9BE8600F}.Release|Any CPU.Build.0 = Release|Any CPU
		{25CA7E06-2139-48E9-A3B1-0A7E9BE8600F}.Release|x64.ActiveCfg = Release|Any CPU
		{25CA7E06-2139-48E9-A3B1-0A7E9BE8600F}.Release|x64.Build.0 = Release|Any CPU
		{25CA7E06-2139-48E9-A3B1-0A7E9BE8600F}.Release|x86.ActiveCfg = Release|Any CPU
		{25CA7E06-2139-48E9-A3B1-0A7E9BE8600F}.Release|x86.Build.0 = Release|Any CPU
		{838DBD53-8A97-4B1A-B48C-A7C381C9DF32}.Debug|Any CPU.ActiveCfg = Debug|Any CPU
		{838DBD53-8A97-4B1A-B48C-A7C381C9DF32}.Debug|Any CPU.Build.0 = Debug|Any CPU
		{838DBD53-8A97-4B1A-B48C-A7C381C9DF32}.Debug|x64.ActiveCfg = Debug|Any CPU
		{838DBD53-8A97-4B1A-B48C-A7C381C9DF32}.Debug|x64.Build.0 = Debug|Any CPU
		{838DBD53-8A97-4B1A-B48C-A7C381C9DF32}.Debug|x86.ActiveCfg = Debug|Any CPU
		{838DBD53-8A97-4B1A-B48C-A7C381C9DF32}.Debug|x86.Build.0 = Debug|Any CPU
		{838DBD53-8A97-4B1A-B48C-A7C381C9DF32}.Release|Any CPU.ActiveCfg = Release|Any CPU
		{838DBD53-8A97-4B1A-B48C-A7C381C9DF32}.Release|Any CPU.Build.0 = Release|Any CPU
		{838DBD53-8A97-4B1A-B48C-A7C381C9DF32}.Release|x64.ActiveCfg = Release|Any CPU
		{838DBD53-8A97-4B1A-B48C-A7C381C9DF32}.Release|x64.Build.0 = Release|Any CPU
		{838DBD53-8A97-4B1A-B48C-A7C381C9DF32}.Release|x86.ActiveCfg = Release|Any CPU
		{838DBD53-8A97-4B1A-B48C-A7C381C9DF32}.Release|x86.Build.0 = Release|Any CPU
		{D1E85C4B-F3B2-4693-BA4A-B3EF679AE472}.Debug|Any CPU.ActiveCfg = Debug|Any CPU
		{D1E85C4B-F3B2-4693-BA4A-B3EF679AE472}.Debug|Any CPU.Build.0 = Debug|Any CPU
		{D1E85C4B-F3B2-4693-BA4A-B3EF679AE472}.Debug|x64.ActiveCfg = Debug|Any CPU
		{D1E85C4B-F3B2-4693-BA4A-B3EF679AE472}.Debug|x64.Build.0 = Debug|Any CPU
		{D1E85C4B-F3B2-4693-BA4A-B3EF679AE472}.Debug|x86.ActiveCfg = Debug|Any CPU
		{D1E85C4B-F3B2-4693-BA4A-B3EF679AE472}.Debug|x86.Build.0 = Debug|Any CPU
		{D1E85C4B-F3B2-4693-BA4A-B3EF679AE472}.Release|Any CPU.ActiveCfg = Release|Any CPU
		{D1E85C4B-F3B2-4693-BA4A-B3EF679AE472}.Release|Any CPU.Build.0 = Release|Any CPU
		{D1E85C4B-F3B2-4693-BA4A-B3EF679AE472}.Release|x64.ActiveCfg = Release|Any CPU
		{D1E85C4B-F3B2-4693-BA4A-B3EF679AE472}.Release|x64.Build.0 = Release|Any CPU
		{D1E85C4B-F3B2-4693-BA4A-B3EF679AE472}.Release|x86.ActiveCfg = Release|Any CPU
		{D1E85C4B-F3B2-4693-BA4A-B3EF679AE472}.Release|x86.Build.0 = Release|Any CPU
		{7E2B05BA-B55B-41EC-8691-243C27C52001}.Debug|Any CPU.ActiveCfg = Debug|Any CPU
		{7E2B05BA-B55B-41EC-8691-243C27C52001}.Debug|Any CPU.Build.0 = Debug|Any CPU
		{7E2B05BA-B55B-41EC-8691-243C27C52001}.Debug|x64.ActiveCfg = Debug|Any CPU
		{7E2B05BA-B55B-41EC-8691-243C27C52001}.Debug|x64.Build.0 = Debug|Any CPU
		{7E2B05BA-B55B-41EC-8691-243C27C52001}.Debug|x86.ActiveCfg = Debug|Any CPU
		{7E2B05BA-B55B-41EC-8691-243C27C52001}.Debug|x86.Build.0 = Debug|Any CPU
		{7E2B05BA-B55B-41EC-8691-243C27C52001}.Release|Any CPU.ActiveCfg = Release|Any CPU
		{7E2B05BA-B55B-41EC-8691-243C27C52001}.Release|Any CPU.Build.0 = Release|Any CPU
		{7E2B05BA-B55B-41EC-8691-243C27C52001}.Release|x64.ActiveCfg = Release|Any CPU
		{7E2B05BA-B55B-41EC-8691-243C27C52001}.Release|x64.Build.0 = Release|Any CPU
		{7E2B05BA-B55B-41EC-8691-243C27C52001}.Release|x86.ActiveCfg = Release|Any CPU
		{7E2B05BA-B55B-41EC-8691-243C27C52001}.Release|x86.Build.0 = Release|Any CPU
		{22A49ED6-04D8-451C-AC39-8D8A93EEFD9C}.Debug|Any CPU.ActiveCfg = Debug|Any CPU
		{22A49ED6-04D8-451C-AC39-8D8A93EEFD9C}.Debug|Any CPU.Build.0 = Debug|Any CPU
		{22A49ED6-04D8-451C-AC39-8D8A93EEFD9C}.Debug|x64.ActiveCfg = Debug|Any CPU
		{22A49ED6-04D8-451C-AC39-8D8A93EEFD9C}.Debug|x64.Build.0 = Debug|Any CPU
		{22A49ED6-04D8-451C-AC39-8D8A93EEFD9C}.Debug|x86.ActiveCfg = Debug|Any CPU
		{22A49ED6-04D8-451C-AC39-8D8A93EEFD9C}.Debug|x86.Build.0 = Debug|Any CPU
		{22A49ED6-04D8-451C-AC39-8D8A93EEFD9C}.Release|Any CPU.ActiveCfg = Release|Any CPU
		{22A49ED6-04D8-451C-AC39-8D8A93EEFD9C}.Release|Any CPU.Build.0 = Release|Any CPU
		{22A49ED6-04D8-451C-AC39-8D8A93EEFD9C}.Release|x64.ActiveCfg = Release|Any CPU
		{22A49ED6-04D8-451C-AC39-8D8A93EEFD9C}.Release|x64.Build.0 = Release|Any CPU
		{22A49ED6-04D8-451C-AC39-8D8A93EEFD9C}.Release|x86.ActiveCfg = Release|Any CPU
		{22A49ED6-04D8-451C-AC39-8D8A93EEFD9C}.Release|x86.Build.0 = Release|Any CPU
		{7DE8285D-F77F-473C-9D90-B9755975CCA9}.Debug|Any CPU.ActiveCfg = Debug|Any CPU
		{7DE8285D-F77F-473C-9D90-B9755975CCA9}.Debug|Any CPU.Build.0 = Debug|Any CPU
		{7DE8285D-F77F-473C-9D90-B9755975CCA9}.Debug|x64.ActiveCfg = Debug|Any CPU
		{7DE8285D-F77F-473C-9D90-B9755975CCA9}.Debug|x64.Build.0 = Debug|Any CPU
		{7DE8285D-F77F-473C-9D90-B9755975CCA9}.Debug|x86.ActiveCfg = Debug|Any CPU
		{7DE8285D-F77F-473C-9D90-B9755975CCA9}.Debug|x86.Build.0 = Debug|Any CPU
		{7DE8285D-F77F-473C-9D90-B9755975CCA9}.Release|Any CPU.ActiveCfg = Release|Any CPU
		{7DE8285D-F77F-473C-9D90-B9755975CCA9}.Release|Any CPU.Build.0 = Release|Any CPU
		{7DE8285D-F77F-473C-9D90-B9755975CCA9}.Release|x64.ActiveCfg = Release|Any CPU
		{7DE8285D-F77F-473C-9D90-B9755975CCA9}.Release|x64.Build.0 = Release|Any CPU
		{7DE8285D-F77F-473C-9D90-B9755975CCA9}.Release|x86.ActiveCfg = Release|Any CPU
		{7DE8285D-F77F-473C-9D90-B9755975CCA9}.Release|x86.Build.0 = Release|Any CPU
		{A2CB57EB-D304-4661-8BA1-5EE9C1F4D7F5}.Debug|Any CPU.ActiveCfg = Debug|Any CPU
		{A2CB57EB-D304-4661-8BA1-5EE9C1F4D7F5}.Debug|Any CPU.Build.0 = Debug|Any CPU
		{A2CB57EB-D304-4661-8BA1-5EE9C1F4D7F5}.Debug|x64.ActiveCfg = Debug|Any CPU
		{A2CB57EB-D304-4661-8BA1-5EE9C1F4D7F5}.Debug|x64.Build.0 = Debug|Any CPU
		{A2CB57EB-D304-4661-8BA1-5EE9C1F4D7F5}.Debug|x86.ActiveCfg = Debug|Any CPU
		{A2CB57EB-D304-4661-8BA1-5EE9C1F4D7F5}.Debug|x86.Build.0 = Debug|Any CPU
		{A2CB57EB-D304-4661-8BA1-5EE9C1F4D7F5}.Release|Any CPU.ActiveCfg = Release|Any CPU
		{A2CB57EB-D304-4661-8BA1-5EE9C1F4D7F5}.Release|Any CPU.Build.0 = Release|Any CPU
		{A2CB57EB-D304-4661-8BA1-5EE9C1F4D7F5}.Release|x64.ActiveCfg = Release|Any CPU
		{A2CB57EB-D304-4661-8BA1-5EE9C1F4D7F5}.Release|x64.Build.0 = Release|Any CPU
		{A2CB57EB-D304-4661-8BA1-5EE9C1F4D7F5}.Release|x86.ActiveCfg = Release|Any CPU
		{A2CB57EB-D304-4661-8BA1-5EE9C1F4D7F5}.Release|x86.Build.0 = Release|Any CPU
		{69582EF9-874B-40F9-B24F-281BAF7081D1}.Debug|Any CPU.ActiveCfg = Debug|Any CPU
		{69582EF9-874B-40F9-B24F-281BAF7081D1}.Debug|Any CPU.Build.0 = Debug|Any CPU
		{69582EF9-874B-40F9-B24F-281BAF7081D1}.Debug|x64.ActiveCfg = Debug|Any CPU
		{69582EF9-874B-40F9-B24F-281BAF7081D1}.Debug|x64.Build.0 = Debug|Any CPU
		{69582EF9-874B-40F9-B24F-281BAF7081D1}.Debug|x86.ActiveCfg = Debug|Any CPU
		{69582EF9-874B-40F9-B24F-281BAF7081D1}.Debug|x86.Build.0 = Debug|Any CPU
		{69582EF9-874B-40F9-B24F-281BAF7081D1}.Release|Any CPU.ActiveCfg = Release|Any CPU
		{69582EF9-874B-40F9-B24F-281BAF7081D1}.Release|Any CPU.Build.0 = Release|Any CPU
		{69582EF9-874B-40F9-B24F-281BAF7081D1}.Release|x64.ActiveCfg = Release|Any CPU
		{69582EF9-874B-40F9-B24F-281BAF7081D1}.Release|x64.Build.0 = Release|Any CPU
		{69582EF9-874B-40F9-B24F-281BAF7081D1}.Release|x86.ActiveCfg = Release|Any CPU
		{69582EF9-874B-40F9-B24F-281BAF7081D1}.Release|x86.Build.0 = Release|Any CPU
		{F3557BE3-3F85-43D3-B20F-A37D5C78D8BD}.Debug|Any CPU.ActiveCfg = Debug|Any CPU
		{F3557BE3-3F85-43D3-B20F-A37D5C78D8BD}.Debug|Any CPU.Build.0 = Debug|Any CPU
		{F3557BE3-3F85-43D3-B20F-A37D5C78D8BD}.Debug|x64.ActiveCfg = Debug|Any CPU
		{F3557BE3-3F85-43D3-B20F-A37D5C78D8BD}.Debug|x64.Build.0 = Debug|Any CPU
		{F3557BE3-3F85-43D3-B20F-A37D5C78D8BD}.Debug|x86.ActiveCfg = Debug|Any CPU
		{F3557BE3-3F85-43D3-B20F-A37D5C78D8BD}.Debug|x86.Build.0 = Debug|Any CPU
		{F3557BE3-3F85-43D3-B20F-A37D5C78D8BD}.Release|Any CPU.ActiveCfg = Release|Any CPU
		{F3557BE3-3F85-43D3-B20F-A37D5C78D8BD}.Release|Any CPU.Build.0 = Release|Any CPU
		{F3557BE3-3F85-43D3-B20F-A37D5C78D8BD}.Release|x64.ActiveCfg = Release|Any CPU
		{F3557BE3-3F85-43D3-B20F-A37D5C78D8BD}.Release|x64.Build.0 = Release|Any CPU
		{F3557BE3-3F85-43D3-B20F-A37D5C78D8BD}.Release|x86.ActiveCfg = Release|Any CPU
		{F3557BE3-3F85-43D3-B20F-A37D5C78D8BD}.Release|x86.Build.0 = Release|Any CPU
		{CE058AA1-7CA7-43BA-8DFE-0BE912180B0B}.Debug|Any CPU.ActiveCfg = Debug|Any CPU
		{CE058AA1-7CA7-43BA-8DFE-0BE912180B0B}.Debug|Any CPU.Build.0 = Debug|Any CPU
		{CE058AA1-7CA7-43BA-8DFE-0BE912180B0B}.Debug|x64.ActiveCfg = Debug|Any CPU
		{CE058AA1-7CA7-43BA-8DFE-0BE912180B0B}.Debug|x64.Build.0 = Debug|Any CPU
		{CE058AA1-7CA7-43BA-8DFE-0BE912180B0B}.Debug|x86.ActiveCfg = Debug|Any CPU
		{CE058AA1-7CA7-43BA-8DFE-0BE912180B0B}.Debug|x86.Build.0 = Debug|Any CPU
		{CE058AA1-7CA7-43BA-8DFE-0BE912180B0B}.Release|Any CPU.ActiveCfg = Release|Any CPU
		{CE058AA1-7CA7-43BA-8DFE-0BE912180B0B}.Release|Any CPU.Build.0 = Release|Any CPU
		{CE058AA1-7CA7-43BA-8DFE-0BE912180B0B}.Release|x64.ActiveCfg = Release|Any CPU
		{CE058AA1-7CA7-43BA-8DFE-0BE912180B0B}.Release|x64.Build.0 = Release|Any CPU
		{CE058AA1-7CA7-43BA-8DFE-0BE912180B0B}.Release|x86.ActiveCfg = Release|Any CPU
		{CE058AA1-7CA7-43BA-8DFE-0BE912180B0B}.Release|x86.Build.0 = Release|Any CPU
		{F31B2088-E94B-4584-BBB6-EA557369C932}.Debug|Any CPU.ActiveCfg = Debug|Any CPU
		{F31B2088-E94B-4584-BBB6-EA557369C932}.Debug|Any CPU.Build.0 = Debug|Any CPU
		{F31B2088-E94B-4584-BBB6-EA557369C932}.Debug|x64.ActiveCfg = Debug|Any CPU
		{F31B2088-E94B-4584-BBB6-EA557369C932}.Debug|x64.Build.0 = Debug|Any CPU
		{F31B2088-E94B-4584-BBB6-EA557369C932}.Debug|x86.ActiveCfg = Debug|Any CPU
		{F31B2088-E94B-4584-BBB6-EA557369C932}.Debug|x86.Build.0 = Debug|Any CPU
		{F31B2088-E94B-4584-BBB6-EA557369C932}.Release|Any CPU.ActiveCfg = Release|Any CPU
		{F31B2088-E94B-4584-BBB6-EA557369C932}.Release|Any CPU.Build.0 = Release|Any CPU
		{F31B2088-E94B-4584-BBB6-EA557369C932}.Release|x64.ActiveCfg = Release|Any CPU
		{F31B2088-E94B-4584-BBB6-EA557369C932}.Release|x64.Build.0 = Release|Any CPU
		{F31B2088-E94B-4584-BBB6-EA557369C932}.Release|x86.ActiveCfg = Release|Any CPU
		{F31B2088-E94B-4584-BBB6-EA557369C932}.Release|x86.Build.0 = Release|Any CPU
		{B2512D30-D7CF-408C-AF0B-94267728F24D}.Debug|Any CPU.ActiveCfg = Debug|Any CPU
		{B2512D30-D7CF-408C-AF0B-94267728F24D}.Debug|Any CPU.Build.0 = Debug|Any CPU
		{B2512D30-D7CF-408C-AF0B-94267728F24D}.Debug|x64.ActiveCfg = Debug|Any CPU
		{B2512D30-D7CF-408C-AF0B-94267728F24D}.Debug|x64.Build.0 = Debug|Any CPU
		{B2512D30-D7CF-408C-AF0B-94267728F24D}.Debug|x86.ActiveCfg = Debug|Any CPU
		{B2512D30-D7CF-408C-AF0B-94267728F24D}.Debug|x86.Build.0 = Debug|Any CPU
		{B2512D30-D7CF-408C-AF0B-94267728F24D}.Release|Any CPU.ActiveCfg = Release|Any CPU
		{B2512D30-D7CF-408C-AF0B-94267728F24D}.Release|Any CPU.Build.0 = Release|Any CPU
		{B2512D30-D7CF-408C-AF0B-94267728F24D}.Release|x64.ActiveCfg = Release|Any CPU
		{B2512D30-D7CF-408C-AF0B-94267728F24D}.Release|x64.Build.0 = Release|Any CPU
		{B2512D30-D7CF-408C-AF0B-94267728F24D}.Release|x86.ActiveCfg = Release|Any CPU
		{B2512D30-D7CF-408C-AF0B-94267728F24D}.Release|x86.Build.0 = Release|Any CPU
		{8A5ABB7A-A9EB-441C-8A25-F484FEAEAD89}.Debug|Any CPU.ActiveCfg = Debug|Any CPU
		{8A5ABB7A-A9EB-441C-8A25-F484FEAEAD89}.Debug|Any CPU.Build.0 = Debug|Any CPU
		{8A5ABB7A-A9EB-441C-8A25-F484FEAEAD89}.Debug|x64.ActiveCfg = Debug|Any CPU
		{8A5ABB7A-A9EB-441C-8A25-F484FEAEAD89}.Debug|x64.Build.0 = Debug|Any CPU
		{8A5ABB7A-A9EB-441C-8A25-F484FEAEAD89}.Debug|x86.ActiveCfg = Debug|Any CPU
		{8A5ABB7A-A9EB-441C-8A25-F484FEAEAD89}.Debug|x86.Build.0 = Debug|Any CPU
		{8A5ABB7A-A9EB-441C-8A25-F484FEAEAD89}.Release|Any CPU.ActiveCfg = Release|Any CPU
		{8A5ABB7A-A9EB-441C-8A25-F484FEAEAD89}.Release|Any CPU.Build.0 = Release|Any CPU
		{8A5ABB7A-A9EB-441C-8A25-F484FEAEAD89}.Release|x64.ActiveCfg = Release|Any CPU
		{8A5ABB7A-A9EB-441C-8A25-F484FEAEAD89}.Release|x64.Build.0 = Release|Any CPU
		{8A5ABB7A-A9EB-441C-8A25-F484FEAEAD89}.Release|x86.ActiveCfg = Release|Any CPU
		{8A5ABB7A-A9EB-441C-8A25-F484FEAEAD89}.Release|x86.Build.0 = Release|Any CPU
		{5A9F4D3F-70E1-45CF-B959-AAAE8DDD6827}.Debug|Any CPU.ActiveCfg = Debug|Any CPU
		{5A9F4D3F-70E1-45CF-B959-AAAE8DDD6827}.Debug|Any CPU.Build.0 = Debug|Any CPU
		{5A9F4D3F-70E1-45CF-B959-AAAE8DDD6827}.Debug|x64.ActiveCfg = Debug|Any CPU
		{5A9F4D3F-70E1-45CF-B959-AAAE8DDD6827}.Debug|x64.Build.0 = Debug|Any CPU
		{5A9F4D3F-70E1-45CF-B959-AAAE8DDD6827}.Debug|x86.ActiveCfg = Debug|Any CPU
		{5A9F4D3F-70E1-45CF-B959-AAAE8DDD6827}.Debug|x86.Build.0 = Debug|Any CPU
		{5A9F4D3F-70E1-45CF-B959-AAAE8DDD6827}.Release|Any CPU.ActiveCfg = Release|Any CPU
		{5A9F4D3F-70E1-45CF-B959-AAAE8DDD6827}.Release|Any CPU.Build.0 = Release|Any CPU
		{5A9F4D3F-70E1-45CF-B959-AAAE8DDD6827}.Release|x64.ActiveCfg = Release|Any CPU
		{5A9F4D3F-70E1-45CF-B959-AAAE8DDD6827}.Release|x64.Build.0 = Release|Any CPU
		{5A9F4D3F-70E1-45CF-B959-AAAE8DDD6827}.Release|x86.ActiveCfg = Release|Any CPU
		{5A9F4D3F-70E1-45CF-B959-AAAE8DDD6827}.Release|x86.Build.0 = Release|Any CPU
	EndGlobalSection
	GlobalSection(SolutionProperties) = preSolution
		HideSolutionNode = FALSE
	EndGlobalSection
	GlobalSection(NestedProjects) = preSolution
		{4B724BD7-910E-4BA2-A601-7AE805469502} = {827E0CD3-B72D-47B6-A68D-7590B98EB39B}
		{984BB9B3-3FA3-BE33-9484-CAC21695A33C} = {827E0CD3-B72D-47B6-A68D-7590B98EB39B}
		{C325709F-BFD5-AEF2-8C9E-DE25BDAAB821} = {984BB9B3-3FA3-BE33-9484-CAC21695A33C}
		{89506D6B-955F-475F-BC57-A3719293AF29} = {C325709F-BFD5-AEF2-8C9E-DE25BDAAB821}
		{CDBF11D1-BA90-4622-8F6F-A2BA7200D223} = {C325709F-BFD5-AEF2-8C9E-DE25BDAAB821}
		{D565F7F6-620B-48FC-AE07-ABC4412451A7} = {C325709F-BFD5-AEF2-8C9E-DE25BDAAB821}
		{D078F8CB-3AFC-45A7-82A4-651E5885607A} = {C325709F-BFD5-AEF2-8C9E-DE25BDAAB821}
		{5BF2AD6F-89FE-50B6-152E-0565ADFBBEE0} = {984BB9B3-3FA3-BE33-9484-CAC21695A33C}
		{62057C5D-6155-4F7C-84F1-8FA7BBD1E8AE} = {5BF2AD6F-89FE-50B6-152E-0565ADFBBEE0}
		{25CA7E06-2139-48E9-A3B1-0A7E9BE8600F} = {5BF2AD6F-89FE-50B6-152E-0565ADFBBEE0}
		{838DBD53-8A97-4B1A-B48C-A7C381C9DF32} = {5BF2AD6F-89FE-50B6-152E-0565ADFBBEE0}
		{D1E85C4B-F3B2-4693-BA4A-B3EF679AE472} = {5BF2AD6F-89FE-50B6-152E-0565ADFBBEE0}
		{C5FBE174-8E0F-F5A3-B929-8BD0C55C0A32} = {984BB9B3-3FA3-BE33-9484-CAC21695A33C}
		{7E2B05BA-B55B-41EC-8691-243C27C52001} = {C5FBE174-8E0F-F5A3-B929-8BD0C55C0A32}
		{22A49ED6-04D8-451C-AC39-8D8A93EEFD9C} = {C5FBE174-8E0F-F5A3-B929-8BD0C55C0A32}
		{7DE8285D-F77F-473C-9D90-B9755975CCA9} = {C5FBE174-8E0F-F5A3-B929-8BD0C55C0A32}
		{B851199A-4979-E597-3D50-97AC5992BBAF} = {984BB9B3-3FA3-BE33-9484-CAC21695A33C}
		{A2CB57EB-D304-4661-8BA1-5EE9C1F4D7F5} = {B851199A-4979-E597-3D50-97AC5992BBAF}
		{69582EF9-874B-40F9-B24F-281BAF7081D1} = {B851199A-4979-E597-3D50-97AC5992BBAF}
		{F3557BE3-3F85-43D3-B20F-A37D5C78D8BD} = {B851199A-4979-E597-3D50-97AC5992BBAF}
		{CE058AA1-7CA7-43BA-8DFE-0BE912180B0B} = {B851199A-4979-E597-3D50-97AC5992BBAF}
		{727A2C3F-9905-EA9A-09C4-1C9246362281} = {984BB9B3-3FA3-BE33-9484-CAC21695A33C}
		{F31B2088-E94B-4584-BBB6-EA557369C932} = {727A2C3F-9905-EA9A-09C4-1C9246362281}
		{B2512D30-D7CF-408C-AF0B-94267728F24D} = {727A2C3F-9905-EA9A-09C4-1C9246362281}
		{8A5ABB7A-A9EB-441C-8A25-F484FEAEAD89} = {727A2C3F-9905-EA9A-09C4-1C9246362281}
		{5A9F4D3F-70E1-45CF-B959-AAAE8DDD6827} = {727A2C3F-9905-EA9A-09C4-1C9246362281}
	EndGlobalSection
	GlobalSection(ExtensibilityGlobals) = postSolution
		SolutionGuid = {0DB23C20-4B92-44D7-BA25-E714BA7E2193}
	EndGlobalSection
EndGlobal
